
Microsoft Visual Studio Solution File, Format Version 12.00
# Visual Studio 15
VisualStudioVersion = 15.0.28010.2036
MinimumVisualStudioVersion = 10.0.40219.1
Project("{9A19103F-16F7-4668-BE54-9A1E7A4F7556}") = "BlazorWeatherApp", "BlazorWeatherApp\BlazorWeatherApp.csproj", "{66AEC02C-07F4-4AEC-9D8C-1B3E722620F2}"
EndProject
Global
	GlobalSection(SolutionConfigurationPlatforms) = preSolution
		Debug|Any CPU = Debug|Any CPU
		Release|Any CPU = Release|Any CPU
	EndGlobalSection
	GlobalSection(ProjectConfigurationPlatforms) = postSolution
		{66AEC02C-07F4-4AEC-9D8C-1B3E722620F2}.Debug|Any CPU.ActiveCfg = Debug|Any CPU
		{66AEC02C-07F4-4AEC-9D8C-1B3E722620F2}.Debug|Any CPU.Build.0 = Debug|Any CPU
		{66AEC02C-07F4-4AEC-9D8C-1B3E722620F2}.Release|Any CPU.ActiveCfg = Release|Any CPU
		{66AEC02C-07F4-4AEC-9D8C-1B3E722620F2}.Release|Any CPU.Build.0 = Release|Any CPU
	EndGlobalSection
	GlobalSection(SolutionProperties) = preSolution
		HideSolutionNode = FALSE
	EndGlobalSection
	GlobalSection(ExtensibilityGlobals) = postSolution
		SolutionGuid = {9C751B64-6DED-4671-9CBE-4D7C77D7B669}
	EndGlobalSection
EndGlobal
